
Microsoft Visual Studio Solution File, Format Version 12.00
# Visual Studio 15
VisualStudioVersion = 15.0.28307.438
MinimumVisualStudioVersion = 10.0.40219.1
Project("{FAE04EC0-301F-11D3-BF4B-00C04F79EFBC}") = "初级", "初级\初级.csproj", "{DA24EE21-8146-4BD2-B1B7-E984ED3D9E3B}"
EndProject
Global
	GlobalSection(SolutionConfigurationPlatforms) = preSolution
		Debug|Any CPU = Debug|Any CPU
		Release|Any CPU = Release|Any CPU
	EndGlobalSection
	GlobalSection(ProjectConfigurationPlatforms) = postSolution
		{DA24EE21-8146-4BD2-B1B7-E984ED3D9E3B}.Debug|Any CPU.ActiveCfg = Debug|Any CPU
		{DA24EE21-8146-4BD2-B1B7-E984ED3D9E3B}.Debug|Any CPU.Build.0 = Debug|Any CPU
		{DA24EE21-8146-4BD2-B1B7-E984ED3D9E3B}.Release|Any CPU.ActiveCfg = Release|Any CPU
		{DA24EE21-8146-4BD2-B1B7-E984ED3D9E3B}.Release|Any CPU.Build.0 = Release|Any CPU
	EndGlobalSection
	GlobalSection(SolutionProperties) = preSolution
		HideSolutionNode = FALSE
	EndGlobalSection
	GlobalSection(ExtensibilityGlobals) = postSolution
		SolutionGuid = {F997D4CD-3CD6-4630-A480-7AD77B1C71A9}
	EndGlobalSection
EndGlobal
